// !$*UTF8*$!
{
	archiveVersion = 1;
	classes = {
	};
	objectVersion = 51;
	objects = {

/* Begin PBXBuildFile section */
		22E8510884BF4D6B2143559B /* Pods_HonestWeather.framework in Frameworks */ = {isa = PBXBuildFile; fileRef = 3D80037E8286FF43610D2552 /* Pods_HonestWeather.framework */; };
		6641234423F0104700E149EC /* AppDelegate.swift in Sources */ = {isa = PBXBuildFile; fileRef = 6641234323F0104700E149EC /* AppDelegate.swift */; };
		6641234623F0104700E149EC /* SceneDelegate.swift in Sources */ = {isa = PBXBuildFile; fileRef = 6641234523F0104700E149EC /* SceneDelegate.swift */; };
		6641234823F0104700E149EC /* ViewController.swift in Sources */ = {isa = PBXBuildFile; fileRef = 6641234723F0104700E149EC /* ViewController.swift */; };
		6641234B23F0104700E149EC /* Main.storyboard in Resources */ = {isa = PBXBuildFile; fileRef = 6641234923F0104700E149EC /* Main.storyboard */; };
		6641234D23F0104800E149EC /* Assets.xcassets in Resources */ = {isa = PBXBuildFile; fileRef = 6641234C23F0104800E149EC /* Assets.xcassets */; };
		6641235023F0104800E149EC /* LaunchScreen.storyboard in Resources */ = {isa = PBXBuildFile; fileRef = 6641234E23F0104800E149EC /* LaunchScreen.storyboard */; };
		667CAFC223F96D2D0045A1FE /* WeatherDescriptions.swift in Sources */ = {isa = PBXBuildFile; fileRef = 667CAFC123F96D2D0045A1FE /* WeatherDescriptions.swift */; };
/* End PBXBuildFile section */

/* Begin PBXFileReference section */
		3B30B36100549E735452B5FE /* Pods-HonestWeather.debug.xcconfig */ = {isa = PBXFileReference; includeInIndex = 1; lastKnownFileType = text.xcconfig; name = "Pods-HonestWeather.debug.xcconfig"; path = "Target Support Files/Pods-HonestWeather/Pods-HonestWeather.debug.xcconfig"; sourceTree = "<group>"; };
		3D80037E8286FF43610D2552 /* Pods_HonestWeather.framework */ = {isa = PBXFileReference; explicitFileType = wrapper.framework; includeInIndex = 0; path = Pods_HonestWeather.framework; sourceTree = BUILT_PRODUCTS_DIR; };
		4FBB0164088A3077F0C7DA1F /* Pods-HonestWeather.release.xcconfig */ = {isa = PBXFileReference; includeInIndex = 1; lastKnownFileType = text.xcconfig; name = "Pods-HonestWeather.release.xcconfig"; path = "Target Support Files/Pods-HonestWeather/Pods-HonestWeather.release.xcconfig"; sourceTree = "<group>"; };
		6641234023F0104700E149EC /* HonestWeather.app */ = {isa = PBXFileReference; explicitFileType = wrapper.application; includeInIndex = 0; path = HonestWeather.app; sourceTree = BUILT_PRODUCTS_DIR; };
		6641234323F0104700E149EC /* AppDelegate.swift */ = {isa = PBXFileReference; lastKnownFileType = sourcecode.swift; path = AppDelegate.swift; sourceTree = "<group>"; };
		6641234523F0104700E149EC /* SceneDelegate.swift */ = {isa = PBXFileReference; lastKnownFileType = sourcecode.swift; path = SceneDelegate.swift; sourceTree = "<group>"; };
		6641234723F0104700E149EC /* ViewController.swift */ = {isa = PBXFileReference; lastKnownFileType = sourcecode.swift; path = ViewController.swift; sourceTree = "<group>"; };
		6641234A23F0104700E149EC /* Base */ = {isa = PBXFileReference; lastKnownFileType = file.storyboard; name = Base; path = Base.lproj/Main.storyboard; sourceTree = "<group>"; };
		6641234C23F0104800E149EC /* Assets.xcassets */ = {isa = PBXFileReference; lastKnownFileType = folder.assetcatalog; path = Assets.xcassets; sourceTree = "<group>"; };
		6641234F23F0104800E149EC /* Base */ = {isa = PBXFileReference; lastKnownFileType = file.storyboard; name = Base; path = Base.lproj/LaunchScreen.storyboard; sourceTree = "<group>"; };
		6641235123F0104800E149EC /* Info.plist */ = {isa = PBXFileReference; lastKnownFileType = text.plist.xml; path = Info.plist; sourceTree = "<group>"; };
		667CAFC123F96D2D0045A1FE /* WeatherDescriptions.swift */ = {isa = PBXFileReference; lastKnownFileType = sourcecode.swift; path = WeatherDescriptions.swift; sourceTree = "<group>"; };
/* End PBXFileReference section */

/* Begin PBXFrameworksBuildPhase section */
		6641233D23F0104700E149EC /* Frameworks */ = {
			isa = PBXFrameworksBuildPhase;
			buildActionMask = 2147483647;
			files = (
				22E8510884BF4D6B2143559B /* Pods_HonestWeather.framework in Frameworks */,
			);
			runOnlyForDeploymentPostprocessing = 0;
		};
/* End PBXFrameworksBuildPhase section */

/* Begin PBXGroup section */
		20468BC865878BDDFC65093E /* Frameworks */ = {
			isa = PBXGroup;
			children = (
				3D80037E8286FF43610D2552 /* Pods_HonestWeather.framework */,
			);
			name = Frameworks;
			sourceTree = "<group>";
		};
		6641233723F0104700E149EC = {
			isa = PBXGroup;
			children = (
				6641234223F0104700E149EC /* HonestWeather */,
				6641234123F0104700E149EC /* Products */,
				666DB27D86F27BE30B6BECFB /* Pods */,
				20468BC865878BDDFC65093E /* Frameworks */,
			);
			sourceTree = "<group>";
		};
		6641234123F0104700E149EC /* Products */ = {
			isa = PBXGroup;
			children = (
				6641234023F0104700E149EC /* HonestWeather.app */,
			);
			name = Products;
			sourceTree = "<group>";
		};
		6641234223F0104700E149EC /* HonestWeather */ = {
			isa = PBXGroup;
			children = (
				667CFD0523F8938C00EAE1BB /* Controllers */,
				6641234323F0104700E149EC /* AppDelegate.swift */,
				6641234523F0104700E149EC /* SceneDelegate.swift */,
				6641234923F0104700E149EC /* Main.storyboard */,
				6641234C23F0104800E149EC /* Assets.xcassets */,
				6641234E23F0104800E149EC /* LaunchScreen.storyboard */,
				6641235123F0104800E149EC /* Info.plist */,
				667CAFC123F96D2D0045A1FE /* WeatherDescriptions.swift */,
			);
			path = HonestWeather;
			sourceTree = "<group>";
		};
		666DB27D86F27BE30B6BECFB /* Pods */ = {
			isa = PBXGroup;
			children = (
				3B30B36100549E735452B5FE /* Pods-HonestWeather.debug.xcconfig */,
				4FBB0164088A3077F0C7DA1F /* Pods-HonestWeather.release.xcconfig */,
			);
			path = Pods;
			sourceTree = "<group>";
		};
		667CFD0523F8938C00EAE1BB /* Controllers */ = {
			isa = PBXGroup;
			children = (
				6641234723F0104700E149EC /* ViewController.swift */,
			);
			path = Controllers;
			sourceTree = "<group>";
		};
/* End PBXGroup section */

/* Begin PBXNativeTarget section */
		6641233F23F0104700E149EC /* HonestWeather */ = {
			isa = PBXNativeTarget;
			buildConfigurationList = 6641235423F0104800E149EC /* Build configuration list for PBXNativeTarget "HonestWeather" */;
			buildPhases = (
				125090F07B4F9197B8AE438F /* [CP] Check Pods Manifest.lock */,
				6641233C23F0104700E149EC /* Sources */,
				6641233D23F0104700E149EC /* Frameworks */,
				6641233E23F0104700E149EC /* Resources */,
				BBC971E8B7FECEA33E0CD145 /* [CP] Embed Pods Frameworks */,
			);
			buildRules = (
			);
			dependencies = (
			);
			name = HonestWeather;
			productName = HonestWeather;
			productReference = 6641234023F0104700E149EC /* HonestWeather.app */;
			productType = "com.apple.product-type.application";
		};
/* End PBXNativeTarget section */

/* Begin PBXProject section */
		6641233823F0104700E149EC /* Project object */ = {
			isa = PBXProject;
			attributes = {
				LastSwiftUpdateCheck = 1130;
				LastUpgradeCheck = 1130;
				ORGANIZATIONNAME = AdamSiekierski;
				TargetAttributes = {
					6641233F23F0104700E149EC = {
						CreatedOnToolsVersion = 11.3.1;
					};
				};
			};
			buildConfigurationList = 6641233B23F0104700E149EC /* Build configuration list for PBXProject "HonestWeather" */;
			compatibilityVersion = "Xcode 9.3";
			developmentRegion = en;
			hasScannedForEncodings = 0;
			knownRegions = (
				en,
				Base,
			);
			mainGroup = 6641233723F0104700E149EC;
			productRefGroup = 6641234123F0104700E149EC /* Products */;
			projectDirPath = "";
			projectRoot = "";
			targets = (
				6641233F23F0104700E149EC /* HonestWeather */,
			);
		};
/* End PBXProject section */

/* Begin PBXResourcesBuildPhase section */
		6641233E23F0104700E149EC /* Resources */ = {
			isa = PBXResourcesBuildPhase;
			buildActionMask = 2147483647;
			files = (
				6641235023F0104800E149EC /* LaunchScreen.storyboard in Resources */,
				6641234D23F0104800E149EC /* Assets.xcassets in Resources */,
				6641234B23F0104700E149EC /* Main.storyboard in Resources */,
			);
			runOnlyForDeploymentPostprocessing = 0;
		};
/* End PBXResourcesBuildPhase section */

/* Begin PBXShellScriptBuildPhase section */
		125090F07B4F9197B8AE438F /* [CP] Check Pods Manifest.lock */ = {
			isa = PBXShellScriptBuildPhase;
			buildActionMask = 2147483647;
			files = (
			);
			inputFileListPaths = (
			);
			inputPaths = (
				"${PODS_PODFILE_DIR_PATH}/Podfile.lock",
				"${PODS_ROOT}/Manifest.lock",
			);
			name = "[CP] Check Pods Manifest.lock";
			outputFileListPaths = (
			);
			outputPaths = (
				"$(DERIVED_FILE_DIR)/Pods-HonestWeather-checkManifestLockResult.txt",
			);
			runOnlyForDeploymentPostprocessing = 0;
			shellPath = /bin/sh;
			shellScript = "diff \"${PODS_PODFILE_DIR_PATH}/Podfile.lock\" \"${PODS_ROOT}/Manifest.lock\" > /dev/null\nif [ $? != 0 ] ; then\n    # print error to STDERR\n    echo \"error: The sandbox is not in sync with the Podfile.lock. Run 'pod install' or update your CocoaPods installation.\" >&2\n    exit 1\nfi\n# This output is used by Xcode 'outputs' to avoid re-running this script phase.\necho \"SUCCESS\" > \"${SCRIPT_OUTPUT_FILE_0}\"\n";
			showEnvVarsInLog = 0;
		};
		BBC971E8B7FECEA33E0CD145 /* [CP] Embed Pods Frameworks */ = {
			isa = PBXShellScriptBuildPhase;
			buildActionMask = 2147483647;
			files = (
			);
			inputFileListPaths = (
				"${PODS_ROOT}/Target Support Files/Pods-HonestWeather/Pods-HonestWeather-frameworks-${CONFIGURATION}-input-files.xcfilelist",
			);
			name = "[CP] Embed Pods Frameworks";
			outputFileListPaths = (
				"${PODS_ROOT}/Target Support Files/Pods-HonestWeather/Pods-HonestWeather-frameworks-${CONFIGURATION}-output-files.xcfilelist",
			);
			runOnlyForDeploymentPostprocessing = 0;
			shellPath = /bin/sh;
			shellScript = "\"${PODS_ROOT}/Target Support Files/Pods-HonestWeather/Pods-HonestWeather-frameworks.sh\"\n";
			showEnvVarsInLog = 0;
		};
/* End PBXShellScriptBuildPhase section */

/* Begin PBXSourcesBuildPhase section */
		6641233C23F0104700E149EC /* Sources */ = {
			isa = PBXSourcesBuildPhase;
			buildActionMask = 2147483647;
			files = (
				6641234823F0104700E149EC /* ViewController.swift in Sources */,
				667CAFC223F96D2D0045A1FE /* WeatherDescriptions.swift in Sources */,
				6641234423F0104700E149EC /* AppDelegate.swift in Sources */,
				6641234623F0104700E149EC /* SceneDelegate.swift in Sources */,
			);
			runOnlyForDeploymentPostprocessing = 0;
		};
/* End PBXSourcesBuildPhase section */

/* Begin PBXVariantGroup section */
		6641234923F0104700E149EC /* Main.storyboard */ = {
			isa = PBXVariantGroup;
			children = (
				6641234A23F0104700E149EC /* Base */,
			);
			name = Main.storyboard;
			sourceTree = "<group>";
		};
		6641234E23F0104800E149EC /* LaunchScreen.storyboard */ = {
			isa = PBXVariantGroup;
			children = (
				6641234F23F0104800E149EC /* Base */,
			);
			name = LaunchScreen.storyboard;
			sourceTree = "<group>";
		};
/* End PBXVariantGroup section */

/* Begin XCBuildConfiguration section */
		6641235223F0104800E149EC /* Debug */ = {
			isa = XCBuildConfiguration;
			buildSettings = {
				ALWAYS_SEARCH_USER_PATHS = NO;
				CLANG_ANALYZER_NONNULL = YES;
				CLANG_ANALYZER_NUMBER_OBJECT_CONVERSION = YES_AGGRESSIVE;
				CLANG_CXX_LANGUAGE_STANDARD = "gnu++14";
				CLANG_CXX_LIBRARY = "libc++";
				CLANG_ENABLE_MODULES = YES;
				CLANG_ENABLE_OBJC_ARC = YES;
				CLANG_ENABLE_OBJC_WEAK = YES;
				CLANG_WARN_BLOCK_CAPTURE_AUTORELEASING = YES;
				CLANG_WARN_BOOL_CONVERSION = YES;
				CLANG_WARN_COMMA = YES;
				CLANG_WARN_CONSTANT_CONVERSION = YES;
				CLANG_WARN_DEPRECATED_OBJC_IMPLEMENTATIONS = YES;
				CLANG_WARN_DIRECT_OBJC_ISA_USAGE = YES_ERROR;
				CLANG_WARN_DOCUMENTATION_COMMENTS = YES;
				CLANG_WARN_EMPTY_BODY = YES;
				CLANG_WARN_ENUM_CONVERSION = YES;
				CLANG_WARN_INFINITE_RECURSION = YES;
				CLANG_WARN_INT_CONVERSION = YES;
				CLANG_WARN_NON_LITERAL_NULL_CONVERSION = YES;
				CLANG_WARN_OBJC_IMPLICIT_RETAIN_SELF = YES;
				CLANG_WARN_OBJC_LITERAL_CONVERSION = YES;
				CLANG_WARN_OBJC_ROOT_CLASS = YES_ERROR;
				CLANG_WARN_RANGE_LOOP_ANALYSIS = YES;
				CLANG_WARN_STRICT_PROTOTYPES = YES;
				CLANG_WARN_SUSPICIOUS_MOVE = YES;
				CLANG_WARN_UNGUARDED_AVAILABILITY = YES_AGGRESSIVE;
				CLANG_WARN_UNREACHABLE_CODE = YES;
				CLANG_WARN__DUPLICATE_METHOD_MATCH = YES;
				COPY_PHASE_STRIP = NO;
				DEBUG_INFORMATION_FORMAT = dwarf;
				ENABLE_STRICT_OBJC_MSGSEND = YES;
				ENABLE_TESTABILITY = YES;
				GCC_C_LANGUAGE_STANDARD = gnu11;
				GCC_DYNAMIC_NO_PIC = NO;
				GCC_NO_COMMON_BLOCKS = YES;
				GCC_OPTIMIZATION_LEVEL = 0;
				GCC_PREPROCESSOR_DEFINITIONS = (
					"DEBUG=1",
					"$(inherited)",
				);
				GCC_WARN_64_TO_32_BIT_CONVERSION = YES;
				GCC_WARN_ABOUT_RETURN_TYPE = YES_ERROR;
				GCC_WARN_UNDECLARED_SELECTOR = YES;
				GCC_WARN_UNINITIALIZED_AUTOS = YES_AGGRESSIVE;
				GCC_WARN_UNUSED_FUNCTION = YES;
				GCC_WARN_UNUSED_VARIABLE = YES;
				IPHONEOS_DEPLOYMENT_TARGET = 13.2;
				MTL_ENABLE_DEBUG_INFO = INCLUDE_SOURCE;
				MTL_FAST_MATH = YES;
				ONLY_ACTIVE_ARCH = YES;
				SDKROOT = iphoneos;
				SWIFT_ACTIVE_COMPILATION_CONDITIONS = DEBUG;
				SWIFT_OPTIMIZATION_LEVEL = "-Onone";
			};
			name = Debug;
		};
		6641235323F0104800E149EC /* Release */ = {
			isa = XCBuildConfiguration;
			buildSettings = {
				ALWAYS_SEARCH_USER_PATHS = NO;
				CLANG_ANALYZER_NONNULL = YES;
				CLANG_ANALYZER_NUMBER_OBJECT_CONVERSION = YES_AGGRESSIVE;
				CLANG_CXX_LANGUAGE_STANDARD = "gnu++14";
				CLANG_CXX_LIBRARY = "libc++";
				CLANG_ENABLE_MODULES = YES;
				CLANG_ENABLE_OBJC_ARC = YES;
				CLANG_ENABLE_OBJC_WEAK = YES;
				CLANG_WARN_BLOCK_CAPTURE_AUTORELEASING = YES;
				CLANG_WARN_BOOL_CONVERSION = YES;
				CLANG_WARN_COMMA = YES;
				CLANG_WARN_CONSTANT_CONVERSION = YES;
				CLANG_WARN_DEPRECATED_OBJC_IMPLEMENTATIONS = YES;
				CLANG_WARN_DIRECT_OBJC_ISA_USAGE = YES_ERROR;
				CLANG_WARN_DOCUMENTATION_COMMENTS = YES;
				CLANG_WARN_EMPTY_BODY = YES;
				CLANG_WARN_ENUM_CONVERSION = YES;
				CLANG_WARN_INFINITE_RECURSION = YES;
				CLANG_WARN_INT_CONVERSION = YES;
				CLANG_WARN_NON_LITERAL_NULL_CONVERSION = YES;
				CLANG_WARN_OBJC_IMPLICIT_RETAIN_SELF = YES;
				CLANG_WARN_OBJC_LITERAL_CONVERSION = YES;
				CLANG_WARN_OBJC_ROOT_CLASS = YES_ERROR;
				CLANG_WARN_RANGE_LOOP_ANALYSIS = YES;
				CLANG_WARN_STRICT_PROTOTYPES = YES;
				CLANG_WARN_SUSPICIOUS_MOVE = YES;
				CLANG_WARN_UNGUARDED_AVAILABILITY = YES_AGGRESSIVE;
				CLANG_WARN_UNREACHABLE_CODE = YES;
				CLANG_WARN__DUPLICATE_METHOD_MATCH = YES;
				COPY_PHASE_STRIP = NO;
				DEBUG_INFORMATION_FORMAT = "dwarf-with-dsym";
				ENABLE_NS_ASSERTIONS = NO;
				ENABLE_STRICT_OBJC_MSGSEND = YES;
				GCC_C_LANGUAGE_STANDARD = gnu11;
				GCC_NO_COMMON_BLOCKS = YES;
				GCC_WARN_64_TO_32_BIT_CONVERSION = YES;
				GCC_WARN_ABOUT_RETURN_TYPE = YES_ERROR;
				GCC_WARN_UNDECLARED_SELECTOR = YES;
				GCC_WARN_UNINITIALIZED_AUTOS = YES_AGGRESSIVE;
				GCC_WARN_UNUSED_FUNCTION = YES;
				GCC_WARN_UNUSED_VARIABLE = YES;
				IPHONEOS_DEPLOYMENT_TARGET = 13.2;
				MTL_ENABLE_DEBUG_INFO = NO;
				MTL_FAST_MATH = YES;
				SDKROOT = iphoneos;
				SWIFT_COMPILATION_MODE = wholemodule;
				SWIFT_OPTIMIZATION_LEVEL = "-O";
				VALIDATE_PRODUCT = YES;
			};
			name = Release;
		};
		6641235523F0104800E149EC /* Debug */ = {
			isa = XCBuildConfiguration;
			baseConfigurationReference = 3B30B36100549E735452B5FE /* Pods-HonestWeather.debug.xcconfig */;
			buildSettings = {
				ASSETCATALOG_COMPILER_APPICON_NAME = AppIcon;
				CODE_SIGN_STYLE = Automatic;
				DEVELOPMENT_TEAM = AET832XGGG;
				INFOPLIST_FILE = HonestWeather/Info.plist;
				LD_RUNPATH_SEARCH_PATHS = (
					"$(inherited)",
					"@executable_path/Frameworks",
				);
				PRODUCT_BUNDLE_IDENTIFIER = adamsiekierski.HonestWeather;
				PRODUCT_NAME = "$(TARGET_NAME)";
				SWIFT_VERSION = 5.0;
				TARGETED_DEVICE_FAMILY = "1,2";
			};
			name = Debug;
		};
		6641235623F0104800E149EC /* Release */ = {
			isa = XCBuildConfiguration;
			baseConfigurationReference = 4FBB0164088A3077F0C7DA1F /* Pods-HonestWeather.release.xcconfig */;
			buildSettings = {
				ASSETCATALOG_COMPILER_APPICON_NAME = AppIcon;
				CODE_SIGN_STYLE = Automatic;
				DEVELOPMENT_TEAM = AET832XGGG;
				INFOPLIST_FILE = HonestWeather/Info.plist;
				LD_RUNPATH_SEARCH_PATHS = (
					"$(inherited)",
					"@executable_path/Frameworks",
				);
				PRODUCT_BUNDLE_IDENTIFIER = adamsiekierski.HonestWeather;
				PRODUCT_NAME = "$(TARGET_NAME)";
				SWIFT_VERSION = 5.0;
				TARGETED_DEVICE_FAMILY = "1,2";
			};
			name = Release;
		};
/* End XCBuildConfiguration section */

/* Begin XCConfigurationList section */
		6641233B23F0104700E149EC /* Build configuration list for PBXProject "HonestWeather" */ = {
			isa = XCConfigurationList;
			buildConfigurations = (
				6641235223F0104800E149EC /* Debug */,
				6641235323F0104800E149EC /* Release */,
			);
			defaultConfigurationIsVisible = 0;
			defaultConfigurationName = Release;
		};
		6641235423F0104800E149EC /* Build configuration list for PBXNativeTarget "HonestWeather" */ = {
			isa = XCConfigurationList;
			buildConfigurations = (
				6641235523F0104800E149EC /* Debug */,
				6641235623F0104800E149EC /* Release */,
			);
			defaultConfigurationIsVisible = 0;
			defaultConfigurationName = Release;
		};
/* End XCConfigurationList section */
	};
	rootObject = 6641233823F0104700E149EC /* Project object */;
}
